
Microsoft Visual Studio Solution File, Format Version 12.00
# Visual Studio Version 17
VisualStudioVersion = 17.5.33502.453
MinimumVisualStudioVersion = 10.0.40219.1
Project("{9A19103F-16F7-4668-BE54-9A1E7A4F7556}") = "DdujooToys", "DdujooToys\DdujooToys.csproj", "{05CF2F52-C719-4BA2-B223-4AF1E3F4902F}"
EndProject
Project("{2150E333-8FDC-42A3-9474-1A3956D46DE8}") = "ControlTower", "ControlTower", "{A3C70E6B-3365-4995-9416-18E9840DC158}"
EndProject
Project("{2150E333-8FDC-42A3-9474-1A3956D46DE8}") = "ServiceCenter", "ServiceCenter", "{58E91FFD-6296-4FB2-B2DC-18323B5F83AE}"
EndProject
Project("{2150E333-8FDC-42A3-9474-1A3956D46DE8}") = "Main", "Main", "{4667D40C-5D0F-4378-9C32-876DE14D28D6}"
EndProject
Project("{2150E333-8FDC-42A3-9474-1A3956D46DE8}") = "Content", "Content", "{1FE47081-5D4E-4449-ABD8-4E25A2F3228D}"
EndProject
Project("{9A19103F-16F7-4668-BE54-9A1E7A4F7556}") = "MainFrame.Forms", "MainFrame.Forms\MainFrame.Forms.csproj", "{AE41F963-DB73-4971-8739-490AAC230554}"
EndProject
Project("{9A19103F-16F7-4668-BE54-9A1E7A4F7556}") = "DdujooToys.Core", "DdujooToys.Core\DdujooToys.Core.csproj", "{262770AE-D15F-4741-8949-755AA2A3FA55}"
EndProject
Project("{9A19103F-16F7-4668-BE54-9A1E7A4F7556}") = "Login.Forms", "Login.Forms\Login.Forms.csproj", "{FAB8B561-35F0-4556-BD68-BAA1A4203A1E}"
EndProject
Project("{9A19103F-16F7-4668-BE54-9A1E7A4F7556}") = "Home.Forms", "Home.Forms\Home.Forms.csproj", "{910F1BDA-665C-4151-BBFF-5FA9276C5AFA}"
EndProject
Project("{FAE04EC0-301F-11D3-BF4B-00C04F79EFBC}") = "Dialog.Forms", "Dialog.Forms\Dialog.Forms.csproj", "{E7758898-727D-477B-8248-BBA682E71E90}"
EndProject
Global
	GlobalSection(SolutionConfigurationPlatforms) = preSolution
		Debug|Any CPU = Debug|Any CPU
		Release|Any CPU = Release|Any CPU
	EndGlobalSection
	GlobalSection(ProjectConfigurationPlatforms) = postSolution
		{05CF2F52-C719-4BA2-B223-4AF1E3F4902F}.Debug|Any CPU.ActiveCfg = Debug|Any CPU
		{05CF2F52-C719-4BA2-B223-4AF1E3F4902F}.Debug|Any CPU.Build.0 = Debug|Any CPU
		{05CF2F52-C719-4BA2-B223-4AF1E3F4902F}.Release|Any CPU.ActiveCfg = Release|Any CPU
		{05CF2F52-C719-4BA2-B223-4AF1E3F4902F}.Release|Any CPU.Build.0 = Release|Any CPU
		{AE41F963-DB73-4971-8739-490AAC230554}.Debug|Any CPU.ActiveCfg = Debug|Any CPU
		{AE41F963-DB73-4971-8739-490AAC230554}.Debug|Any CPU.Build.0 = Debug|Any CPU
		{AE41F963-DB73-4971-8739-490AAC230554}.Release|Any CPU.ActiveCfg = Release|Any CPU
		{AE41F963-DB73-4971-8739-490AAC230554}.Release|Any CPU.Build.0 = Release|Any CPU
		{262770AE-D15F-4741-8949-755AA2A3FA55}.Debug|Any CPU.ActiveCfg = Debug|Any CPU
		{262770AE-D15F-4741-8949-755AA2A3FA55}.Debug|Any CPU.Build.0 = Debug|Any CPU
		{262770AE-D15F-4741-8949-755AA2A3FA55}.Release|Any CPU.ActiveCfg = Release|Any CPU
		{262770AE-D15F-4741-8949-755AA2A3FA55}.Release|Any CPU.Build.0 = Release|Any CPU
		{FAB8B561-35F0-4556-BD68-BAA1A4203A1E}.Debug|Any CPU.ActiveCfg = Debug|Any CPU
		{FAB8B561-35F0-4556-BD68-BAA1A4203A1E}.Debug|Any CPU.Build.0 = Debug|Any CPU
		{FAB8B561-35F0-4556-BD68-BAA1A4203A1E}.Release|Any CPU.ActiveCfg = Release|Any CPU
		{FAB8B561-35F0-4556-BD68-BAA1A4203A1E}.Release|Any CPU.Build.0 = Release|Any CPU
		{910F1BDA-665C-4151-BBFF-5FA9276C5AFA}.Debug|Any CPU.ActiveCfg = Debug|Any CPU
		{910F1BDA-665C-4151-BBFF-5FA9276C5AFA}.Debug|Any CPU.Build.0 = Debug|Any CPU
		{910F1BDA-665C-4151-BBFF-5FA9276C5AFA}.Release|Any CPU.ActiveCfg = Release|Any CPU
		{910F1BDA-665C-4151-BBFF-5FA9276C5AFA}.Release|Any CPU.Build.0 = Release|Any CPU
		{E7758898-727D-477B-8248-BBA682E71E90}.Debug|Any CPU.ActiveCfg = Debug|Any CPU
		{E7758898-727D-477B-8248-BBA682E71E90}.Debug|Any CPU.Build.0 = Debug|Any CPU
		{E7758898-727D-477B-8248-BBA682E71E90}.Release|Any CPU.ActiveCfg = Release|Any CPU
		{E7758898-727D-477B-8248-BBA682E71E90}.Release|Any CPU.Build.0 = Release|Any CPU
	EndGlobalSection
	GlobalSection(SolutionProperties) = preSolution
		HideSolutionNode = FALSE
	EndGlobalSection
	GlobalSection(NestedProjects) = preSolution
		{05CF2F52-C719-4BA2-B223-4AF1E3F4902F} = {A3C70E6B-3365-4995-9416-18E9840DC158}
		{4667D40C-5D0F-4378-9C32-876DE14D28D6} = {58E91FFD-6296-4FB2-B2DC-18323B5F83AE}
		{1FE47081-5D4E-4449-ABD8-4E25A2F3228D} = {58E91FFD-6296-4FB2-B2DC-18323B5F83AE}
		{AE41F963-DB73-4971-8739-490AAC230554} = {4667D40C-5D0F-4378-9C32-876DE14D28D6}
		{262770AE-D15F-4741-8949-755AA2A3FA55} = {A3C70E6B-3365-4995-9416-18E9840DC158}
		{FAB8B561-35F0-4556-BD68-BAA1A4203A1E} = {1FE47081-5D4E-4449-ABD8-4E25A2F3228D}
		{910F1BDA-665C-4151-BBFF-5FA9276C5AFA} = {1FE47081-5D4E-4449-ABD8-4E25A2F3228D}
		{E7758898-727D-477B-8248-BBA682E71E90} = {1FE47081-5D4E-4449-ABD8-4E25A2F3228D}
	EndGlobalSection
	GlobalSection(ExtensibilityGlobals) = postSolution
		SolutionGuid = {9F2ABFE7-9738-486D-B750-AAE9E732CEFA}
	EndGlobalSection
EndGlobal
